// !$*UTF8*$!
{
	archiveVersion = 1;
	classes = {
	};
	objectVersion = 56;
	objects = {

/* Begin PBXBuildFile section */
		3AC8515E2AA41B0B009472C9 /* DragAndDropListsApp.swift in Sources */ = {isa = PBXBuildFile; fileRef = 3AC8515D2AA41B0B009472C9 /* DragAndDropListsApp.swift */; };
		3AC851602AA41B0B009472C9 /* ContentView.swift in Sources */ = {isa = PBXBuildFile; fileRef = 3AC8515F2AA41B0B009472C9 /* ContentView.swift */; };
		3AC851622AA41B0C009472C9 /* Assets.xcassets in Resources */ = {isa = PBXBuildFile; fileRef = 3AC851612AA41B0C009472C9 /* Assets.xcassets */; };
		3AC851652AA41B0C009472C9 /* Preview Assets.xcassets in Resources */ = {isa = PBXBuildFile; fileRef = 3AC851642AA41B0C009472C9 /* Preview Assets.xcassets */; };
		3AC8516F2AA41B0C009472C9 /* DragAndDropListsTests.swift in Sources */ = {isa = PBXBuildFile; fileRef = 3AC8516E2AA41B0C009472C9 /* DragAndDropListsTests.swift */; };
		3AC851792AA41B0C009472C9 /* DragAndDropListsUITests.swift in Sources */ = {isa = PBXBuildFile; fileRef = 3AC851782AA41B0C009472C9 /* DragAndDropListsUITests.swift */; };
		3AC8517B2AA41B0C009472C9 /* DragAndDropListsUITestsLaunchTests.swift in Sources */ = {isa = PBXBuildFile; fileRef = 3AC8517A2AA41B0C009472C9 /* DragAndDropListsUITestsLaunchTests.swift */; };
		3AC8518A2AA41C5B009472C9 /* Task.swift in Sources */ = {isa = PBXBuildFile; fileRef = 3AC851892AA41C5B009472C9 /* Task.swift */; };
		3AC8518C2AA41DCA009472C9 /* Home.swift in Sources */ = {isa = PBXBuildFile; fileRef = 3AC8518B2AA41DCA009472C9 /* Home.swift */; };
/* End PBXBuildFile section */

/* Begin PBXContainerItemProxy section */
		3AC8516B2AA41B0C009472C9 /* PBXContainerItemProxy */ = {
			isa = PBXContainerItemProxy;
			containerPortal = 3AC851522AA41B0B009472C9 /* Project object */;
			proxyType = 1;
			remoteGlobalIDString = 3AC851592AA41B0B009472C9;
			remoteInfo = DragAndDropLists;
		};
		3AC851752AA41B0C009472C9 /* PBXContainerItemProxy */ = {
			isa = PBXContainerItemProxy;
			containerPortal = 3AC851522AA41B0B009472C9 /* Project object */;
			proxyType = 1;
			remoteGlobalIDString = 3AC851592AA41B0B009472C9;
			remoteInfo = DragAndDropLists;
		};
/* End PBXContainerItemProxy section */

/* Begin PBXFileReference section */
		3AC8515A2AA41B0B009472C9 /* DragAndDropLists.app */ = {isa = PBXFileReference; explicitFileType = wrapper.application; includeInIndex = 0; path = DragAndDropLists.app; sourceTree = BUILT_PRODUCTS_DIR; };
		3AC8515D2AA41B0B009472C9 /* DragAndDropListsApp.swift */ = {isa = PBXFileReference; lastKnownFileType = sourcecode.swift; path = DragAndDropListsApp.swift; sourceTree = "<group>"; };
		3AC8515F2AA41B0B009472C9 /* ContentView.swift */ = {isa = PBXFileReference; lastKnownFileType = sourcecode.swift; path = ContentView.swift; sourceTree = "<group>"; };
		3AC851612AA41B0C009472C9 /* Assets.xcassets */ = {isa = PBXFileReference; lastKnownFileType = folder.assetcatalog; path = Assets.xcassets; sourceTree = "<group>"; };
		3AC851642AA41B0C009472C9 /* Preview Assets.xcassets */ = {isa = PBXFileReference; lastKnownFileType = folder.assetcatalog; path = "Preview Assets.xcassets"; sourceTree = "<group>"; };
		3AC8516A2AA41B0C009472C9 /* DragAndDropListsTests.xctest */ = {isa = PBXFileReference; explicitFileType = wrapper.cfbundle; includeInIndex = 0; path = DragAndDropListsTests.xctest; sourceTree = BUILT_PRODUCTS_DIR; };
		3AC8516E2AA41B0C009472C9 /* DragAndDropListsTests.swift */ = {isa = PBXFileReference; lastKnownFileType = sourcecode.swift; path = DragAndDropListsTests.swift; sourceTree = "<group>"; };
		3AC851742AA41B0C009472C9 /* DragAndDropListsUITests.xctest */ = {isa = PBXFileReference; explicitFileType = wrapper.cfbundle; includeInIndex = 0; path = DragAndDropListsUITests.xctest; sourceTree = BUILT_PRODUCTS_DIR; };
		3AC851782AA41B0C009472C9 /* DragAndDropListsUITests.swift */ = {isa = PBXFileReference; lastKnownFileType = sourcecode.swift; path = DragAndDropListsUITests.swift; sourceTree = "<group>"; };
		3AC8517A2AA41B0C009472C9 /* DragAndDropListsUITestsLaunchTests.swift */ = {isa = PBXFileReference; lastKnownFileType = sourcecode.swift; path = DragAndDropListsUITestsLaunchTests.swift; sourceTree = "<group>"; };
		3AC851892AA41C5B009472C9 /* Task.swift */ = {isa = PBXFileReference; lastKnownFileType = sourcecode.swift; path = Task.swift; sourceTree = "<group>"; };
		3AC8518B2AA41DCA009472C9 /* Home.swift */ = {isa = PBXFileReference; lastKnownFileType = sourcecode.swift; path = Home.swift; sourceTree = "<group>"; };
/* End PBXFileReference section */

/* Begin PBXFrameworksBuildPhase section */
		3AC851572AA41B0B009472C9 /* Frameworks */ = {
			isa = PBXFrameworksBuildPhase;
			buildActionMask = 2147483647;
			files = (
			);
			runOnlyForDeploymentPostprocessing = 0;
		};
		3AC851672AA41B0C009472C9 /* Frameworks */ = {
			isa = PBXFrameworksBuildPhase;
			buildActionMask = 2147483647;
			files = (
			);
			runOnlyForDeploymentPostprocessing = 0;
		};
		3AC851712AA41B0C009472C9 /* Frameworks */ = {
			isa = PBXFrameworksBuildPhase;
			buildActionMask = 2147483647;
			files = (
			);
			runOnlyForDeploymentPostprocessing = 0;
		};
/* End PBXFrameworksBuildPhase section */

/* Begin PBXGroup section */
		3AC851512AA41B0B009472C9 = {
			isa = PBXGroup;
			children = (
				3AC8515C2AA41B0B009472C9 /* DragAndDropLists */,
				3AC8516D2AA41B0C009472C9 /* DragAndDropListsTests */,
				3AC851772AA41B0C009472C9 /* DragAndDropListsUITests */,
				3AC8515B2AA41B0B009472C9 /* Products */,
			);
			sourceTree = "<group>";
		};
		3AC8515B2AA41B0B009472C9 /* Products */ = {
			isa = PBXGroup;
			children = (
				3AC8515A2AA41B0B009472C9 /* DragAndDropLists.app */,
				3AC8516A2AA41B0C009472C9 /* DragAndDropListsTests.xctest */,
				3AC851742AA41B0C009472C9 /* DragAndDropListsUITests.xctest */,
			);
			name = Products;
			sourceTree = "<group>";
		};
		3AC8515C2AA41B0B009472C9 /* DragAndDropLists */ = {
			isa = PBXGroup;
			children = (
				3AC851882AA41C3C009472C9 /* Model */,
				3AC8515D2AA41B0B009472C9 /* DragAndDropListsApp.swift */,
				3AC8515F2AA41B0B009472C9 /* ContentView.swift */,
				3AC851872AA41C33009472C9 /* Views */,
				3AC851612AA41B0C009472C9 /* Assets.xcassets */,
				3AC851632AA41B0C009472C9 /* Preview Content */,
			);
			path = DragAndDropLists;
			sourceTree = "<group>";
		};
		3AC851632AA41B0C009472C9 /* Preview Content */ = {
			isa = PBXGroup;
			children = (
				3AC851642AA41B0C009472C9 /* Preview Assets.xcassets */,
			);
			path = "Preview Content";
			sourceTree = "<group>";
		};
		3AC8516D2AA41B0C009472C9 /* DragAndDropListsTests */ = {
			isa = PBXGroup;
			children = (
				3AC8516E2AA41B0C009472C9 /* DragAndDropListsTests.swift */,
			);
			path = DragAndDropListsTests;
			sourceTree = "<group>";
		};
		3AC851772AA41B0C009472C9 /* DragAndDropListsUITests */ = {
			isa = PBXGroup;
			children = (
				3AC851782AA41B0C009472C9 /* DragAndDropListsUITests.swift */,
				3AC8517A2AA41B0C009472C9 /* DragAndDropListsUITestsLaunchTests.swift */,
			);
			path = DragAndDropListsUITests;
			sourceTree = "<group>";
		};
		3AC851872AA41C33009472C9 /* Views */ = {
			isa = PBXGroup;
			children = (
				3AC8518B2AA41DCA009472C9 /* Home.swift */,
			);
			path = Views;
			sourceTree = "<group>";
		};
		3AC851882AA41C3C009472C9 /* Model */ = {
			isa = PBXGroup;
			children = (
				3AC851892AA41C5B009472C9 /* Task.swift */,
			);
			path = Model;
			sourceTree = "<group>";
		};
/* End PBXGroup section */

/* Begin PBXNativeTarget section */
		3AC851592AA41B0B009472C9 /* DragAndDropLists */ = {
			isa = PBXNativeTarget;
			buildConfigurationList = 3AC8517E2AA41B0C009472C9 /* Build configuration list for PBXNativeTarget "DragAndDropLists" */;
			buildPhases = (
				3AC851562AA41B0B009472C9 /* Sources */,
				3AC851572AA41B0B009472C9 /* Frameworks */,
				3AC851582AA41B0B009472C9 /* Resources */,
			);
			buildRules = (
			);
			dependencies = (
			);
			name = DragAndDropLists;
			productName = DragAndDropLists;
			productReference = 3AC8515A2AA41B0B009472C9 /* DragAndDropLists.app */;
			productType = "com.apple.product-type.application";
		};
		3AC851692AA41B0C009472C9 /* DragAndDropListsTests */ = {
			isa = PBXNativeTarget;
			buildConfigurationList = 3AC851812AA41B0C009472C9 /* Build configuration list for PBXNativeTarget "DragAndDropListsTests" */;
			buildPhases = (
				3AC851662AA41B0C009472C9 /* Sources */,
				3AC851672AA41B0C009472C9 /* Frameworks */,
				3AC851682AA41B0C009472C9 /* Resources */,
			);
			buildRules = (
			);
			dependencies = (
				3AC8516C2AA41B0C009472C9 /* PBXTargetDependency */,
			);
			name = DragAndDropListsTests;
			productName = DragAndDropListsTests;
			productReference = 3AC8516A2AA41B0C009472C9 /* DragAndDropListsTests.xctest */;
			productType = "com.apple.product-type.bundle.unit-test";
		};
		3AC851732AA41B0C009472C9 /* DragAndDropListsUITests */ = {
			isa = PBXNativeTarget;
			buildConfigurationList = 3AC851842AA41B0C009472C9 /* Build configuration list for PBXNativeTarget "DragAndDropListsUITests" */;
			buildPhases = (
				3AC851702AA41B0C009472C9 /* Sources */,
				3AC851712AA41B0C009472C9 /* Frameworks */,
				3AC851722AA41B0C009472C9 /* Resources */,
			);
			buildRules = (
			);
			dependencies = (
				3AC851762AA41B0C009472C9 /* PBXTargetDependency */,
			);
			name = DragAndDropListsUITests;
			productName = DragAndDropListsUITests;
			productReference = 3AC851742AA41B0C009472C9 /* DragAndDropListsUITests.xctest */;
			productType = "com.apple.product-type.bundle.ui-testing";
		};
/* End PBXNativeTarget section */

/* Begin PBXProject section */
		3AC851522AA41B0B009472C9 /* Project object */ = {
			isa = PBXProject;
			attributes = {
				BuildIndependentTargetsInParallel = 1;
				LastSwiftUpdateCheck = 1430;
				LastUpgradeCheck = 1430;
				TargetAttributes = {
					3AC851592AA41B0B009472C9 = {
						CreatedOnToolsVersion = 14.3;
					};
					3AC851692AA41B0C009472C9 = {
						CreatedOnToolsVersion = 14.3;
						TestTargetID = 3AC851592AA41B0B009472C9;
					};
					3AC851732AA41B0C009472C9 = {
						CreatedOnToolsVersion = 14.3;
						TestTargetID = 3AC851592AA41B0B009472C9;
					};
				};
			};
			buildConfigurationList = 3AC851552AA41B0B009472C9 /* Build configuration list for PBXProject "DragAndDropLists" */;
			compatibilityVersion = "Xcode 14.0";
			developmentRegion = en;
			hasScannedForEncodings = 0;
			knownRegions = (
				en,
				Base,
			);
			mainGroup = 3AC851512AA41B0B009472C9;
			productRefGroup = 3AC8515B2AA41B0B009472C9 /* Products */;
			projectDirPath = "";
			projectRoot = "";
			targets = (
				3AC851592AA41B0B009472C9 /* DragAndDropLists */,
				3AC851692AA41B0C009472C9 /* DragAndDropListsTests */,
				3AC851732AA41B0C009472C9 /* DragAndDropListsUITests */,
			);
		};
/* End PBXProject section */

/* Begin PBXResourcesBuildPhase section */
		3AC851582AA41B0B009472C9 /* Resources */ = {
			isa = PBXResourcesBuildPhase;
			buildActionMask = 2147483647;
			files = (
				3AC851652AA41B0C009472C9 /* Preview Assets.xcassets in Resources */,
				3AC851622AA41B0C009472C9 /* Assets.xcassets in Resources */,
			);
			runOnlyForDeploymentPostprocessing = 0;
		};
		3AC851682AA41B0C009472C9 /* Resources */ = {
			isa = PBXResourcesBuildPhase;
			buildActionMask = 2147483647;
			files = (
			);
			runOnlyForDeploymentPostprocessing = 0;
		};
		3AC851722AA41B0C009472C9 /* Resources */ = {
			isa = PBXResourcesBuildPhase;
			buildActionMask = 2147483647;
			files = (
			);
			runOnlyForDeploymentPostprocessing = 0;
		};
/* End PBXResourcesBuildPhase section */

/* Begin PBXSourcesBuildPhase section */
		3AC851562AA41B0B009472C9 /* Sources */ = {
			isa = PBXSourcesBuildPhase;
			buildActionMask = 2147483647;
			files = (
				3AC851602AA41B0B009472C9 /* ContentView.swift in Sources */,
				3AC8518A2AA41C5B009472C9 /* Task.swift in Sources */,
				3AC8518C2AA41DCA009472C9 /* Home.swift in Sources */,
				3AC8515E2AA41B0B009472C9 /* DragAndDropListsApp.swift in Sources */,
			);
			runOnlyForDeploymentPostprocessing = 0;
		};
		3AC851662AA41B0C009472C9 /* Sources */ = {
			isa = PBXSourcesBuildPhase;
			buildActionMask = 2147483647;
			files = (
				3AC8516F2AA41B0C009472C9 /* DragAndDropListsTests.swift in Sources */,
			);
			runOnlyForDeploymentPostprocessing = 0;
		};
		3AC851702AA41B0C009472C9 /* Sources */ = {
			isa = PBXSourcesBuildPhase;
			buildActionMask = 2147483647;
			files = (
				3AC851792AA41B0C009472C9 /* DragAndDropListsUITests.swift in Sources */,
				3AC8517B2AA41B0C009472C9 /* DragAndDropListsUITestsLaunchTests.swift in Sources */,
			);
			runOnlyForDeploymentPostprocessing = 0;
		};
/* End PBXSourcesBuildPhase section */

/* Begin PBXTargetDependency section */
		3AC8516C2AA41B0C009472C9 /* PBXTargetDependency */ = {
			isa = PBXTargetDependency;
			target = 3AC851592AA41B0B009472C9 /* DragAndDropLists */;
			targetProxy = 3AC8516B2AA41B0C009472C9 /* PBXContainerItemProxy */;
		};
		3AC851762AA41B0C009472C9 /* PBXTargetDependency */ = {
			isa = PBXTargetDependency;
			target = 3AC851592AA41B0B009472C9 /* DragAndDropLists */;
			targetProxy = 3AC851752AA41B0C009472C9 /* PBXContainerItemProxy */;
		};
/* End PBXTargetDependency section */

/* Begin XCBuildConfiguration section */
		3AC8517C2AA41B0C009472C9 /* Debug */ = {
			isa = XCBuildConfiguration;
			buildSettings = {
				ALWAYS_SEARCH_USER_PATHS = NO;
				CLANG_ANALYZER_NONNULL = YES;
				CLANG_ANALYZER_NUMBER_OBJECT_CONVERSION = YES_AGGRESSIVE;
				CLANG_CXX_LANGUAGE_STANDARD = "gnu++20";
				CLANG_ENABLE_MODULES = YES;
				CLANG_ENABLE_OBJC_ARC = YES;
				CLANG_ENABLE_OBJC_WEAK = YES;
				CLANG_WARN_BLOCK_CAPTURE_AUTORELEASING = YES;
				CLANG_WARN_BOOL_CONVERSION = YES;
				CLANG_WARN_COMMA = YES;
				CLANG_WARN_CONSTANT_CONVERSION = YES;
				CLANG_WARN_DEPRECATED_OBJC_IMPLEMENTATIONS = YES;
				CLANG_WARN_DIRECT_OBJC_ISA_USAGE = YES_ERROR;
				CLANG_WARN_DOCUMENTATION_COMMENTS = YES;
				CLANG_WARN_EMPTY_BODY = YES;
				CLANG_WARN_ENUM_CONVERSION = YES;
				CLANG_WARN_INFINITE_RECURSION = YES;
				CLANG_WARN_INT_CONVERSION = YES;
				CLANG_WARN_NON_LITERAL_NULL_CONVERSION = YES;
				CLANG_WARN_OBJC_IMPLICIT_RETAIN_SELF = YES;
				CLANG_WARN_OBJC_LITERAL_CONVERSION = YES;
				CLANG_WARN_OBJC_ROOT_CLASS = YES_ERROR;
				CLANG_WARN_QUOTED_INCLUDE_IN_FRAMEWORK_HEADER = YES;
				CLANG_WARN_RANGE_LOOP_ANALYSIS = YES;
				CLANG_WARN_STRICT_PROTOTYPES = YES;
				CLANG_WARN_SUSPICIOUS_MOVE = YES;
				CLANG_WARN_UNGUARDED_AVAILABILITY = YES_AGGRESSIVE;
				CLANG_WARN_UNREACHABLE_CODE = YES;
				CLANG_WARN__DUPLICATE_METHOD_MATCH = YES;
				COPY_PHASE_STRIP = NO;
				DEBUG_INFORMATION_FORMAT = dwarf;
				ENABLE_STRICT_OBJC_MSGSEND = YES;
				ENABLE_TESTABILITY = YES;
				GCC_C_LANGUAGE_STANDARD = gnu11;
				GCC_DYNAMIC_NO_PIC = NO;
				GCC_NO_COMMON_BLOCKS = YES;
				GCC_OPTIMIZATION_LEVEL = 0;
				GCC_PREPROCESSOR_DEFINITIONS = (
					"DEBUG=1",
					"$(inherited)",
				);
				GCC_WARN_64_TO_32_BIT_CONVERSION = YES;
				GCC_WARN_ABOUT_RETURN_TYPE = YES_ERROR;
				GCC_WARN_UNDECLARED_SELECTOR = YES;
				GCC_WARN_UNINITIALIZED_AUTOS = YES_AGGRESSIVE;
				GCC_WARN_UNUSED_FUNCTION = YES;
				GCC_WARN_UNUSED_VARIABLE = YES;
				IPHONEOS_DEPLOYMENT_TARGET = 16.4;
				MTL_ENABLE_DEBUG_INFO = INCLUDE_SOURCE;
				MTL_FAST_MATH = YES;
				ONLY_ACTIVE_ARCH = YES;
				SDKROOT = iphoneos;
				SWIFT_ACTIVE_COMPILATION_CONDITIONS = DEBUG;
				SWIFT_OPTIMIZATION_LEVEL = "-Onone";
			};
			name = Debug;
		};
		3AC8517D2AA41B0C009472C9 /* Release */ = {
			isa = XCBuildConfiguration;
			buildSettings = {
				ALWAYS_SEARCH_USER_PATHS = NO;
				CLANG_ANALYZER_NONNULL = YES;
				CLANG_ANALYZER_NUMBER_OBJECT_CONVERSION = YES_AGGRESSIVE;
				CLANG_CXX_LANGUAGE_STANDARD = "gnu++20";
				CLANG_ENABLE_MODULES = YES;
				CLANG_ENABLE_OBJC_ARC = YES;
				CLANG_ENABLE_OBJC_WEAK = YES;
				CLANG_WARN_BLOCK_CAPTURE_AUTORELEASING = YES;
				CLANG_WARN_BOOL_CONVERSION = YES;
				CLANG_WARN_COMMA = YES;
				CLANG_WARN_CONSTANT_CONVERSION = YES;
				CLANG_WARN_DEPRECATED_OBJC_IMPLEMENTATIONS = YES;
				CLANG_WARN_DIRECT_OBJC_ISA_USAGE = YES_ERROR;
				CLANG_WARN_DOCUMENTATION_COMMENTS = YES;
				CLANG_WARN_EMPTY_BODY = YES;
				CLANG_WARN_ENUM_CONVERSION = YES;
				CLANG_WARN_INFINITE_RECURSION = YES;
				CLANG_WARN_INT_CONVERSION = YES;
				CLANG_WARN_NON_LITERAL_NULL_CONVERSION = YES;
				CLANG_WARN_OBJC_IMPLICIT_RETAIN_SELF = YES;
				CLANG_WARN_OBJC_LITERAL_CONVERSION = YES;
				CLANG_WARN_OBJC_ROOT_CLASS = YES_ERROR;
				CLANG_WARN_QUOTED_INCLUDE_IN_FRAMEWORK_HEADER = YES;
				CLANG_WARN_RANGE_LOOP_ANALYSIS = YES;
				CLANG_WARN_STRICT_PROTOTYPES = YES;
				CLANG_WARN_SUSPICIOUS_MOVE = YES;
				CLANG_WARN_UNGUARDED_AVAILABILITY = YES_AGGRESSIVE;
				CLANG_WARN_UNREACHABLE_CODE = YES;
				CLANG_WARN__DUPLICATE_METHOD_MATCH = YES;
				COPY_PHASE_STRIP = NO;
				DEBUG_INFORMATION_FORMAT = "dwarf-with-dsym";
				ENABLE_NS_ASSERTIONS = NO;
				ENABLE_STRICT_OBJC_MSGSEND = YES;
				GCC_C_LANGUAGE_STANDARD = gnu11;
				GCC_NO_COMMON_BLOCKS = YES;
				GCC_WARN_64_TO_32_BIT_CONVERSION = YES;
				GCC_WARN_ABOUT_RETURN_TYPE = YES_ERROR;
				GCC_WARN_UNDECLARED_SELECTOR = YES;
				GCC_WARN_UNINITIALIZED_AUTOS = YES_AGGRESSIVE;
				GCC_WARN_UNUSED_FUNCTION = YES;
				GCC_WARN_UNUSED_VARIABLE = YES;
				IPHONEOS_DEPLOYMENT_TARGET = 16.4;
				MTL_ENABLE_DEBUG_INFO = NO;
				MTL_FAST_MATH = YES;
				SDKROOT = iphoneos;
				SWIFT_COMPILATION_MODE = wholemodule;
				SWIFT_OPTIMIZATION_LEVEL = "-O";
				VALIDATE_PRODUCT = YES;
			};
			name = Release;
		};
		3AC8517F2AA41B0C009472C9 /* Debug */ = {
			isa = XCBuildConfiguration;
			buildSettings = {
				ASSETCATALOG_COMPILER_APPICON_NAME = AppIcon;
				ASSETCATALOG_COMPILER_GLOBAL_ACCENT_COLOR_NAME = AccentColor;
				CODE_SIGN_STYLE = Automatic;
				CURRENT_PROJECT_VERSION = 1;
				DEVELOPMENT_ASSET_PATHS = "\"DragAndDropLists/Preview Content\"";
				DEVELOPMENT_TEAM = U2ABPZMBPJ;
				ENABLE_PREVIEWS = YES;
				GENERATE_INFOPLIST_FILE = YES;
				INFOPLIST_KEY_UIApplicationSceneManifest_Generation = YES;
				INFOPLIST_KEY_UIApplicationSupportsIndirectInputEvents = YES;
				INFOPLIST_KEY_UILaunchScreen_Generation = YES;
				INFOPLIST_KEY_UISupportedInterfaceOrientations_iPad = "UIInterfaceOrientationPortrait UIInterfaceOrientationPortraitUpsideDown UIInterfaceOrientationLandscapeLeft UIInterfaceOrientationLandscapeRight";
				INFOPLIST_KEY_UISupportedInterfaceOrientations_iPhone = "UIInterfaceOrientationPortrait UIInterfaceOrientationLandscapeLeft UIInterfaceOrientationLandscapeRight";
				LD_RUNPATH_SEARCH_PATHS = (
					"$(inherited)",
					"@executable_path/Frameworks",
				);
				MARKETING_VERSION = 1.0;
				PRODUCT_BUNDLE_IDENTIFIER = test.DragAndDropLists;
				PRODUCT_NAME = "$(TARGET_NAME)";
				SWIFT_EMIT_LOC_STRINGS = YES;
				SWIFT_VERSION = 5.0;
				TARGETED_DEVICE_FAMILY = "1,2";
			};
			name = Debug;
		};
		3AC851802AA41B0C009472C9 /* Release */ = {
			isa = XCBuildConfiguration;
			buildSettings = {
				ASSETCATALOG_COMPILER_APPICON_NAME = AppIcon;
				ASSETCATALOG_COMPILER_GLOBAL_ACCENT_COLOR_NAME = AccentColor;
				CODE_SIGN_STYLE = Automatic;
				CURRENT_PROJECT_VERSION = 1;
				DEVELOPMENT_ASSET_PATHS = "\"DragAndDropLists/Preview Content\"";
				DEVELOPMENT_TEAM = U2ABPZMBPJ;
				ENABLE_PREVIEWS = YES;
				GENERATE_INFOPLIST_FILE = YES;
				INFOPLIST_KEY_UIApplicationSceneManifest_Generation = YES;
				INFOPLIST_KEY_UIApplicationSupportsIndirectInputEvents = YES;
				INFOPLIST_KEY_UILaunchScreen_Generation = YES;
				INFOPLIST_KEY_UISupportedInterfaceOrientations_iPad = "UIInterfaceOrientationPortrait UIInterfaceOrientationPortraitUpsideDown UIInterfaceOrientationLandscapeLeft UIInterfaceOrientationLandscapeRight";
				INFOPLIST_KEY_UISupportedInterfaceOrientations_iPhone = "UIInterfaceOrientationPortrait UIInterfaceOrientationLandscapeLeft UIInterfaceOrientationLandscapeRight";
				LD_RUNPATH_SEARCH_PATHS = (
					"$(inherited)",
					"@executable_path/Frameworks",
				);
				MARKETING_VERSION = 1.0;
				PRODUCT_BUNDLE_IDENTIFIER = test.DragAndDropLists;
				PRODUCT_NAME = "$(TARGET_NAME)";
				SWIFT_EMIT_LOC_STRINGS = YES;
				SWIFT_VERSION = 5.0;
				TARGETED_DEVICE_FAMILY = "1,2";
			};
			name = Release;
		};
		3AC851822AA41B0C009472C9 /* Debug */ = {
			isa = XCBuildConfiguration;
			buildSettings = {
				ALWAYS_EMBED_SWIFT_STANDARD_LIBRARIES = YES;
				BUNDLE_LOADER = "$(TEST_HOST)";
				CODE_SIGN_STYLE = Automatic;
				CURRENT_PROJECT_VERSION = 1;
				DEVELOPMENT_TEAM = U2ABPZMBPJ;
				GENERATE_INFOPLIST_FILE = YES;
				IPHONEOS_DEPLOYMENT_TARGET = 16.4;
				MARKETING_VERSION = 1.0;
				PRODUCT_BUNDLE_IDENTIFIER = test.DragAndDropListsTests;
				PRODUCT_NAME = "$(TARGET_NAME)";
				SWIFT_EMIT_LOC_STRINGS = NO;
				SWIFT_VERSION = 5.0;
				TARGETED_DEVICE_FAMILY = "1,2";
				TEST_HOST = "$(BUILT_PRODUCTS_DIR)/DragAndDropLists.app/$(BUNDLE_EXECUTABLE_FOLDER_PATH)/DragAndDropLists";
			};
			name = Debug;
		};
		3AC851832AA41B0C009472C9 /* Release */ = {
			isa = XCBuildConfiguration;
			buildSettings = {
				ALWAYS_EMBED_SWIFT_STANDARD_LIBRARIES = YES;
				BUNDLE_LOADER = "$(TEST_HOST)";
				CODE_SIGN_STYLE = Automatic;
				CURRENT_PROJECT_VERSION = 1;
				DEVELOPMENT_TEAM = U2ABPZMBPJ;
				GENERATE_INFOPLIST_FILE = YES;
				IPHONEOS_DEPLOYMENT_TARGET = 16.4;
				MARKETING_VERSION = 1.0;
				PRODUCT_BUNDLE_IDENTIFIER = test.DragAndDropListsTests;
				PRODUCT_NAME = "$(TARGET_NAME)";
				SWIFT_EMIT_LOC_STRINGS = NO;
				SWIFT_VERSION = 5.0;
				TARGETED_DEVICE_FAMILY = "1,2";
				TEST_HOST = "$(BUILT_PRODUCTS_DIR)/DragAndDropLists.app/$(BUNDLE_EXECUTABLE_FOLDER_PATH)/DragAndDropLists";
			};
			name = Release;
		};
		3AC851852AA41B0C009472C9 /* Debug */ = {
			isa = XCBuildConfiguration;
			buildSettings = {
				ALWAYS_EMBED_SWIFT_STANDARD_LIBRARIES = YES;
				CODE_SIGN_STYLE = Automatic;
				CURRENT_PROJECT_VERSION = 1;
				DEVELOPMENT_TEAM = U2ABPZMBPJ;
				GENERATE_INFOPLIST_FILE = YES;
				MARKETING_VERSION = 1.0;
				PRODUCT_BUNDLE_IDENTIFIER = test.DragAndDropListsUITests;
				PRODUCT_NAME = "$(TARGET_NAME)";
				SWIFT_EMIT_LOC_STRINGS = NO;
				SWIFT_VERSION = 5.0;
				TARGETED_DEVICE_FAMILY = "1,2";
				TEST_TARGET_NAME = DragAndDropLists;
			};
			name = Debug;
		};
		3AC851862AA41B0C009472C9 /* Release */ = {
			isa = XCBuildConfiguration;
			buildSettings = {
				ALWAYS_EMBED_SWIFT_STANDARD_LIBRARIES = YES;
				CODE_SIGN_STYLE = Automatic;
				CURRENT_PROJECT_VERSION = 1;
				DEVELOPMENT_TEAM = U2ABPZMBPJ;
				GENERATE_INFOPLIST_FILE = YES;
				MARKETING_VERSION = 1.0;
				PRODUCT_BUNDLE_IDENTIFIER = test.DragAndDropListsUITests;
				PRODUCT_NAME = "$(TARGET_NAME)";
				SWIFT_EMIT_LOC_STRINGS = NO;
				SWIFT_VERSION = 5.0;
				TARGETED_DEVICE_FAMILY = "1,2";
				TEST_TARGET_NAME = DragAndDropLists;
			};
			name = Release;
		};
/* End XCBuildConfiguration section */

/* Begin XCConfigurationList section */
		3AC851552AA41B0B009472C9 /* Build configuration list for PBXProject "DragAndDropLists" */ = {
			isa = XCConfigurationList;
			buildConfigurations = (
				3AC8517C2AA41B0C009472C9 /* Debug */,
				3AC8517D2AA41B0C009472C9 /* Release */,
			);
			defaultConfigurationIsVisible = 0;
			defaultConfigurationName = Release;
		};
		3AC8517E2AA41B0C009472C9 /* Build configuration list for PBXNativeTarget "DragAndDropLists" */ = {
			isa = XCConfigurationList;
			buildConfigurations = (
				3AC8517F2AA41B0C009472C9 /* Debug */,
				3AC851802AA41B0C009472C9 /* Release */,
			);
			defaultConfigurationIsVisible = 0;
			defaultConfigurationName = Release;
		};
		3AC851812AA41B0C009472C9 /* Build configuration list for PBXNativeTarget "DragAndDropListsTests" */ = {
			isa = XCConfigurationList;
			buildConfigurations = (
				3AC851822AA41B0C009472C9 /* Debug */,
				3AC851832AA41B0C009472C9 /* Release */,
			);
			defaultConfigurationIsVisible = 0;
			defaultConfigurationName = Release;
		};
		3AC851842AA41B0C009472C9 /* Build configuration list for PBXNativeTarget "DragAndDropListsUITests" */ = {
			isa = XCConfigurationList;
			buildConfigurations = (
				3AC851852AA41B0C009472C9 /* Debug */,
				3AC851862AA41B0C009472C9 /* Release */,
			);
			defaultConfigurationIsVisible = 0;
			defaultConfigurationName = Release;
		};
/* End XCConfigurationList section */
	};
	rootObject = 3AC851522AA41B0B009472C9 /* Project object */;
}
